// !$*UTF8*$!
{
	archiveVersion = 1;
	classes = {
	};
	objectVersion = 55;
	objects = {

/* Begin PBXBuildFile section */
		735E0870BF1D5AFAB537BA58 /* Pods_Diplom.framework in Frameworks */ = {isa = PBXBuildFile; fileRef = 314941C8F89F22EBC5DF6459 /* Pods_Diplom.framework */; };
		ED04A51B277772EA003D533B /* ScannerView.swift in Sources */ = {isa = PBXBuildFile; fileRef = ED04A51A277772EA003D533B /* ScannerView.swift */; };
		ED04A51D27777396003D533B /* AppImage.swift in Sources */ = {isa = PBXBuildFile; fileRef = ED04A51C27777396003D533B /* AppImage.swift */; };
		ED12100027D673F8000C7492 /* DiplomMLService.swift in Sources */ = {isa = PBXBuildFile; fileRef = ED120FFF27D673F8000C7492 /* DiplomMLService.swift */; };
		ED12100327D7A346000C7492 /* PHPhotosService.swift in Sources */ = {isa = PBXBuildFile; fileRef = ED12100227D7A346000C7492 /* PHPhotosService.swift */; };
		ED12100527D7A87A000C7492 /* FilterPresentationController.swift in Sources */ = {isa = PBXBuildFile; fileRef = ED12100427D7A87A000C7492 /* FilterPresentationController.swift */; };
		ED12100727D7A8E8000C7492 /* InfoViewController.swift in Sources */ = {isa = PBXBuildFile; fileRef = ED12100627D7A8E8000C7492 /* InfoViewController.swift */; };
		ED2B514A27497CCF00C13E27 /* String + extension.swift in Sources */ = {isa = PBXBuildFile; fileRef = ED2B514927497CCF00C13E27 /* String + extension.swift */; };
		ED5197DB27D7AA5D0099A6DB /* PhotoViewerViewController.swift in Sources */ = {isa = PBXBuildFile; fileRef = ED5197DA27D7AA5D0099A6DB /* PhotoViewerViewController.swift */; };
		ED56CF4F27DB6F0D005DB28D /* InfoView.swift in Sources */ = {isa = PBXBuildFile; fileRef = ED56CF4E27DB6F0D005DB28D /* InfoView.swift */; };
		ED56CF5127DB6F50005DB28D /* SimularView.swift in Sources */ = {isa = PBXBuildFile; fileRef = ED56CF5027DB6F50005DB28D /* SimularView.swift */; };
		ED56CF5327DB70FF005DB28D /* FirebaseService.swift in Sources */ = {isa = PBXBuildFile; fileRef = ED56CF5227DB70FF005DB28D /* FirebaseService.swift */; };
		ED616D012746B2420058669D /* AppDelegate.swift in Sources */ = {isa = PBXBuildFile; fileRef = ED616D002746B2420058669D /* AppDelegate.swift */; };
		ED616D032746B2420058669D /* SceneDelegate.swift in Sources */ = {isa = PBXBuildFile; fileRef = ED616D022746B2420058669D /* SceneDelegate.swift */; };
		ED616D052746B2420058669D /* LiveCameraViewController.swift in Sources */ = {isa = PBXBuildFile; fileRef = ED616D042746B2420058669D /* LiveCameraViewController.swift */; };
		ED616D0A2746B2460058669D /* Assets.xcassets in Resources */ = {isa = PBXBuildFile; fileRef = ED616D092746B2460058669D /* Assets.xcassets */; };
		ED616D0D2746B2460058669D /* LaunchScreen.storyboard in Resources */ = {isa = PBXBuildFile; fileRef = ED616D0B2746B2460058669D /* LaunchScreen.storyboard */; };
		ED9F666027D5185E000784F8 /* DiplomML.mlmodel in Sources */ = {isa = PBXBuildFile; fileRef = ED9F665F27D5185E000784F8 /* DiplomML.mlmodel */; };
		EDB1E7C727DB264100C6035F /* GoogleService-Info.plist in Resources */ = {isa = PBXBuildFile; fileRef = EDB1E7C627DB264100C6035F /* GoogleService-Info.plist */; };
		EDC02DB4274838CF004EBFB0 /* UIView + extention.swift in Sources */ = {isa = PBXBuildFile; fileRef = EDC02DB3274838CF004EBFB0 /* UIView + extention.swift */; };
		EDC02DB62748397B004EBFB0 /* BottomPanelView.swift in Sources */ = {isa = PBXBuildFile; fileRef = EDC02DB52748397B004EBFB0 /* BottomPanelView.swift */; };
		EDC02DB827483B7A004EBFB0 /* AppColor.swift in Sources */ = {isa = PBXBuildFile; fileRef = EDC02DB727483B7A004EBFB0 /* AppColor.swift */; };
/* End PBXBuildFile section */

/* Begin PBXFileReference section */
		12B21D632A80A592ECED1BA9 /* Pods-Diplom.debug.xcconfig */ = {isa = PBXFileReference; includeInIndex = 1; lastKnownFileType = text.xcconfig; name = "Pods-Diplom.debug.xcconfig"; path = "Target Support Files/Pods-Diplom/Pods-Diplom.debug.xcconfig"; sourceTree = "<group>"; };
		314941C8F89F22EBC5DF6459 /* Pods_Diplom.framework */ = {isa = PBXFileReference; explicitFileType = wrapper.framework; includeInIndex = 0; path = Pods_Diplom.framework; sourceTree = BUILT_PRODUCTS_DIR; };
		ED04A51A277772EA003D533B /* ScannerView.swift */ = {isa = PBXFileReference; lastKnownFileType = sourcecode.swift; path = ScannerView.swift; sourceTree = "<group>"; };
		ED04A51C27777396003D533B /* AppImage.swift */ = {isa = PBXFileReference; lastKnownFileType = sourcecode.swift; path = AppImage.swift; sourceTree = "<group>"; };
		ED120FFF27D673F8000C7492 /* DiplomMLService.swift */ = {isa = PBXFileReference; lastKnownFileType = sourcecode.swift; path = DiplomMLService.swift; sourceTree = "<group>"; };
		ED12100227D7A346000C7492 /* PHPhotosService.swift */ = {isa = PBXFileReference; lastKnownFileType = sourcecode.swift; path = PHPhotosService.swift; sourceTree = "<group>"; };
		ED12100427D7A87A000C7492 /* FilterPresentationController.swift */ = {isa = PBXFileReference; lastKnownFileType = sourcecode.swift; path = FilterPresentationController.swift; sourceTree = "<group>"; };
		ED12100627D7A8E8000C7492 /* InfoViewController.swift */ = {isa = PBXFileReference; lastKnownFileType = sourcecode.swift; path = InfoViewController.swift; sourceTree = "<group>"; };
		ED2B514927497CCF00C13E27 /* String + extension.swift */ = {isa = PBXFileReference; lastKnownFileType = sourcecode.swift; path = "String + extension.swift"; sourceTree = "<group>"; };
		ED5197DA27D7AA5D0099A6DB /* PhotoViewerViewController.swift */ = {isa = PBXFileReference; lastKnownFileType = sourcecode.swift; path = PhotoViewerViewController.swift; sourceTree = "<group>"; };
		ED56CF4E27DB6F0D005DB28D /* InfoView.swift */ = {isa = PBXFileReference; lastKnownFileType = sourcecode.swift; path = InfoView.swift; sourceTree = "<group>"; };
		ED56CF5027DB6F50005DB28D /* SimularView.swift */ = {isa = PBXFileReference; lastKnownFileType = sourcecode.swift; path = SimularView.swift; sourceTree = "<group>"; };
		ED56CF5227DB70FF005DB28D /* FirebaseService.swift */ = {isa = PBXFileReference; lastKnownFileType = sourcecode.swift; path = FirebaseService.swift; sourceTree = "<group>"; };
		ED616CFD2746B2420058669D /* Diplom.app */ = {isa = PBXFileReference; explicitFileType = wrapper.application; includeInIndex = 0; path = Diplom.app; sourceTree = BUILT_PRODUCTS_DIR; };
		ED616D002746B2420058669D /* AppDelegate.swift */ = {isa = PBXFileReference; lastKnownFileType = sourcecode.swift; path = AppDelegate.swift; sourceTree = "<group>"; };
		ED616D022746B2420058669D /* SceneDelegate.swift */ = {isa = PBXFileReference; lastKnownFileType = sourcecode.swift; path = SceneDelegate.swift; sourceTree = "<group>"; };
		ED616D042746B2420058669D /* LiveCameraViewController.swift */ = {isa = PBXFileReference; lastKnownFileType = sourcecode.swift; path = LiveCameraViewController.swift; sourceTree = "<group>"; };
		ED616D092746B2460058669D /* Assets.xcassets */ = {isa = PBXFileReference; lastKnownFileType = folder.assetcatalog; path = Assets.xcassets; sourceTree = "<group>"; };
		ED616D0C2746B2460058669D /* Base */ = {isa = PBXFileReference; lastKnownFileType = file.storyboard; name = Base; path = Base.lproj/LaunchScreen.storyboard; sourceTree = "<group>"; };
		ED616D0E2746B2460058669D /* Info.plist */ = {isa = PBXFileReference; lastKnownFileType = text.plist.xml; path = Info.plist; sourceTree = "<group>"; };
		ED9F665F27D5185E000784F8 /* DiplomML.mlmodel */ = {isa = PBXFileReference; lastKnownFileType = file.mlmodel; path = DiplomML.mlmodel; sourceTree = "<group>"; };
		EDB1E7C627DB264100C6035F /* GoogleService-Info.plist */ = {isa = PBXFileReference; fileEncoding = 4; lastKnownFileType = text.plist.xml; path = "GoogleService-Info.plist"; sourceTree = "<group>"; };
		EDC02DB3274838CF004EBFB0 /* UIView + extention.swift */ = {isa = PBXFileReference; lastKnownFileType = sourcecode.swift; path = "UIView + extention.swift"; sourceTree = "<group>"; };
		EDC02DB52748397B004EBFB0 /* BottomPanelView.swift */ = {isa = PBXFileReference; lastKnownFileType = sourcecode.swift; path = BottomPanelView.swift; sourceTree = "<group>"; };
		EDC02DB727483B7A004EBFB0 /* AppColor.swift */ = {isa = PBXFileReference; lastKnownFileType = sourcecode.swift; path = AppColor.swift; sourceTree = "<group>"; };
		FA50970194375666F10FF608 /* Pods-Diplom.release.xcconfig */ = {isa = PBXFileReference; includeInIndex = 1; lastKnownFileType = text.xcconfig; name = "Pods-Diplom.release.xcconfig"; path = "Target Support Files/Pods-Diplom/Pods-Diplom.release.xcconfig"; sourceTree = "<group>"; };
/* End PBXFileReference section */

/* Begin PBXFrameworksBuildPhase section */
		ED616CFA2746B2420058669D /* Frameworks */ = {
			isa = PBXFrameworksBuildPhase;
			buildActionMask = 2147483647;
			files = (
				735E0870BF1D5AFAB537BA58 /* Pods_Diplom.framework in Frameworks */,
			);
			runOnlyForDeploymentPostprocessing = 0;
		};
/* End PBXFrameworksBuildPhase section */

/* Begin PBXGroup section */
		0F22249C34DF7FAAA43100E4 /* Frameworks */ = {
			isa = PBXGroup;
			children = (
				314941C8F89F22EBC5DF6459 /* Pods_Diplom.framework */,
			);
			name = Frameworks;
			sourceTree = "<group>";
		};
		67342883069F80159A666ABE /* Pods */ = {
			isa = PBXGroup;
			children = (
				12B21D632A80A592ECED1BA9 /* Pods-Diplom.debug.xcconfig */,
				FA50970194375666F10FF608 /* Pods-Diplom.release.xcconfig */,
			);
			path = Pods;
			sourceTree = "<group>";
		};
		ED12100127D74BBB000C7492 /* Service */ = {
			isa = PBXGroup;
			children = (
				ED120FFF27D673F8000C7492 /* DiplomMLService.swift */,
				ED12100227D7A346000C7492 /* PHPhotosService.swift */,
				ED56CF5227DB70FF005DB28D /* FirebaseService.swift */,
			);
			path = Service;
			sourceTree = "<group>";
		};
		ED616CF42746B2420058669D = {
			isa = PBXGroup;
			children = (
				ED616CFF2746B2420058669D /* Diplom */,
				ED616CFE2746B2420058669D /* Products */,
				67342883069F80159A666ABE /* Pods */,
				0F22249C34DF7FAAA43100E4 /* Frameworks */,
			);
			sourceTree = "<group>";
		};
		ED616CFE2746B2420058669D /* Products */ = {
			isa = PBXGroup;
			children = (
				ED616CFD2746B2420058669D /* Diplom.app */,
			);
			name = Products;
			sourceTree = "<group>";
		};
		ED616CFF2746B2420058669D /* Diplom */ = {
			isa = PBXGroup;
			children = (
				ED12100127D74BBB000C7492 /* Service */,
				EDC02DB2274838B4004EBFB0 /* Supported */,
				ED7CD1162746C41F004EED4A /* UI */,
				ED616D002746B2420058669D /* AppDelegate.swift */,
				ED616D022746B2420058669D /* SceneDelegate.swift */,
				ED9F665F27D5185E000784F8 /* DiplomML.mlmodel */,
				ED616D092746B2460058669D /* Assets.xcassets */,
				ED616D0B2746B2460058669D /* LaunchScreen.storyboard */,
				ED616D0E2746B2460058669D /* Info.plist */,
				EDB1E7C627DB264100C6035F /* GoogleService-Info.plist */,
			);
			path = Diplom;
			sourceTree = "<group>";
		};
		ED7CD1162746C41F004EED4A /* UI */ = {
			isa = PBXGroup;
			children = (
				ED12100427D7A87A000C7492 /* FilterPresentationController.swift */,
				ED616D042746B2420058669D /* LiveCameraViewController.swift */,
				EDC02DB52748397B004EBFB0 /* BottomPanelView.swift */,
				ED04A51A277772EA003D533B /* ScannerView.swift */,
				ED12100627D7A8E8000C7492 /* InfoViewController.swift */,
				ED5197DA27D7AA5D0099A6DB /* PhotoViewerViewController.swift */,
				ED56CF4E27DB6F0D005DB28D /* InfoView.swift */,
				ED56CF5027DB6F50005DB28D /* SimularView.swift */,
			);
			path = UI;
			sourceTree = "<group>";
		};
		EDC02DB2274838B4004EBFB0 /* Supported */ = {
			isa = PBXGroup;
			children = (
				EDC02DB3274838CF004EBFB0 /* UIView + extention.swift */,
				EDC02DB727483B7A004EBFB0 /* AppColor.swift */,
				ED2B514927497CCF00C13E27 /* String + extension.swift */,
				ED04A51C27777396003D533B /* AppImage.swift */,
			);
			path = Supported;
			sourceTree = "<group>";
		};
/* End PBXGroup section */

/* Begin PBXNativeTarget section */
		ED616CFC2746B2420058669D /* Diplom */ = {
			isa = PBXNativeTarget;
			buildConfigurationList = ED616D112746B2460058669D /* Build configuration list for PBXNativeTarget "Diplom" */;
			buildPhases = (
				86CE347EF983E936573430F8 /* [CP] Check Pods Manifest.lock */,
				ED616CF92746B2420058669D /* Sources */,
				ED616CFA2746B2420058669D /* Frameworks */,
				ED616CFB2746B2420058669D /* Resources */,
				7F04F36ACA656D2A57B4D076 /* [CP] Embed Pods Frameworks */,
			);
			buildRules = (
			);
			dependencies = (
			);
			name = Diplom;
			productName = Diplom;
			productReference = ED616CFD2746B2420058669D /* Diplom.app */;
			productType = "com.apple.product-type.application";
		};
/* End PBXNativeTarget section */

/* Begin PBXProject section */
		ED616CF52746B2420058669D /* Project object */ = {
			isa = PBXProject;
			attributes = {
				BuildIndependentTargetsInParallel = 1;
				LastSwiftUpdateCheck = 1310;
				LastUpgradeCheck = 1310;
				TargetAttributes = {
					ED616CFC2746B2420058669D = {
						CreatedOnToolsVersion = 13.1;
					};
				};
			};
			buildConfigurationList = ED616CF82746B2420058669D /* Build configuration list for PBXProject "Diplom" */;
			compatibilityVersion = "Xcode 13.0";
			developmentRegion = en;
			hasScannedForEncodings = 0;
			knownRegions = (
				en,
				Base,
			);
			mainGroup = ED616CF42746B2420058669D;
			productRefGroup = ED616CFE2746B2420058669D /* Products */;
			projectDirPath = "";
			projectRoot = "";
			targets = (
				ED616CFC2746B2420058669D /* Diplom */,
			);
		};
/* End PBXProject section */

/* Begin PBXResourcesBuildPhase section */
		ED616CFB2746B2420058669D /* Resources */ = {
			isa = PBXResourcesBuildPhase;
			buildActionMask = 2147483647;
			files = (
				ED616D0D2746B2460058669D /* LaunchScreen.storyboard in Resources */,
				ED616D0A2746B2460058669D /* Assets.xcassets in Resources */,
				EDB1E7C727DB264100C6035F /* GoogleService-Info.plist in Resources */,
			);
			runOnlyForDeploymentPostprocessing = 0;
		};
/* End PBXResourcesBuildPhase section */

/* Begin PBXShellScriptBuildPhase section */
		7F04F36ACA656D2A57B4D076 /* [CP] Embed Pods Frameworks */ = {
			isa = PBXShellScriptBuildPhase;
			buildActionMask = 2147483647;
			files = (
			);
			inputFileListPaths = (
				"${PODS_ROOT}/Target Support Files/Pods-Diplom/Pods-Diplom-frameworks-${CONFIGURATION}-input-files.xcfilelist",
			);
			name = "[CP] Embed Pods Frameworks";
			outputFileListPaths = (
				"${PODS_ROOT}/Target Support Files/Pods-Diplom/Pods-Diplom-frameworks-${CONFIGURATION}-output-files.xcfilelist",
			);
			runOnlyForDeploymentPostprocessing = 0;
			shellPath = /bin/sh;
			shellScript = "\"${PODS_ROOT}/Target Support Files/Pods-Diplom/Pods-Diplom-frameworks.sh\"\n";
			showEnvVarsInLog = 0;
		};
		86CE347EF983E936573430F8 /* [CP] Check Pods Manifest.lock */ = {
			isa = PBXShellScriptBuildPhase;
			buildActionMask = 2147483647;
			files = (
			);
			inputFileListPaths = (
			);
			inputPaths = (
				"${PODS_PODFILE_DIR_PATH}/Podfile.lock",
				"${PODS_ROOT}/Manifest.lock",
			);
			name = "[CP] Check Pods Manifest.lock";
			outputFileListPaths = (
			);
			outputPaths = (
				"$(DERIVED_FILE_DIR)/Pods-Diplom-checkManifestLockResult.txt",
			);
			runOnlyForDeploymentPostprocessing = 0;
			shellPath = /bin/sh;
			shellScript = "diff \"${PODS_PODFILE_DIR_PATH}/Podfile.lock\" \"${PODS_ROOT}/Manifest.lock\" > /dev/null\nif [ $? != 0 ] ; then\n    # print error to STDERR\n    echo \"error: The sandbox is not in sync with the Podfile.lock. Run 'pod install' or update your CocoaPods installation.\" >&2\n    exit 1\nfi\n# This output is used by Xcode 'outputs' to avoid re-running this script phase.\necho \"SUCCESS\" > \"${SCRIPT_OUTPUT_FILE_0}\"\n";
			showEnvVarsInLog = 0;
		};
/* End PBXShellScriptBuildPhase section */

/* Begin PBXSourcesBuildPhase section */
		ED616CF92746B2420058669D /* Sources */ = {
			isa = PBXSourcesBuildPhase;
			buildActionMask = 2147483647;
			files = (
				ED56CF4F27DB6F0D005DB28D /* InfoView.swift in Sources */,
				ED04A51B277772EA003D533B /* ScannerView.swift in Sources */,
				ED12100027D673F8000C7492 /* DiplomMLService.swift in Sources */,
				ED5197DB27D7AA5D0099A6DB /* PhotoViewerViewController.swift in Sources */,
				ED56CF5327DB70FF005DB28D /* FirebaseService.swift in Sources */,
				ED12100327D7A346000C7492 /* PHPhotosService.swift in Sources */,
				ED616D052746B2420058669D /* LiveCameraViewController.swift in Sources */,
				ED12100727D7A8E8000C7492 /* InfoViewController.swift in Sources */,
				ED9F666027D5185E000784F8 /* DiplomML.mlmodel in Sources */,
				ED12100527D7A87A000C7492 /* FilterPresentationController.swift in Sources */,
				ED616D012746B2420058669D /* AppDelegate.swift in Sources */,
				ED2B514A27497CCF00C13E27 /* String + extension.swift in Sources */,
				EDC02DB4274838CF004EBFB0 /* UIView + extention.swift in Sources */,
				EDC02DB827483B7A004EBFB0 /* AppColor.swift in Sources */,
				ED616D032746B2420058669D /* SceneDelegate.swift in Sources */,
				EDC02DB62748397B004EBFB0 /* BottomPanelView.swift in Sources */,
				ED04A51D27777396003D533B /* AppImage.swift in Sources */,
				ED56CF5127DB6F50005DB28D /* SimularView.swift in Sources */,
			);
			runOnlyForDeploymentPostprocessing = 0;
		};
/* End PBXSourcesBuildPhase section */

/* Begin PBXVariantGroup section */
		ED616D0B2746B2460058669D /* LaunchScreen.storyboard */ = {
			isa = PBXVariantGroup;
			children = (
				ED616D0C2746B2460058669D /* Base */,
			);
			name = LaunchScreen.storyboard;
			sourceTree = "<group>";
		};
/* End PBXVariantGroup section */

/* Begin XCBuildConfiguration section */
		ED616D0F2746B2460058669D /* Debug */ = {
			isa = XCBuildConfiguration;
			buildSettings = {
				ALWAYS_SEARCH_USER_PATHS = NO;
				CLANG_ANALYZER_NONNULL = YES;
				CLANG_ANALYZER_NUMBER_OBJECT_CONVERSION = YES_AGGRESSIVE;
				CLANG_CXX_LANGUAGE_STANDARD = "gnu++17";
				CLANG_CXX_LIBRARY = "libc++";
				CLANG_ENABLE_MODULES = YES;
				CLANG_ENABLE_OBJC_ARC = YES;
				CLANG_ENABLE_OBJC_WEAK = YES;
				CLANG_WARN_BLOCK_CAPTURE_AUTORELEASING = YES;
				CLANG_WARN_BOOL_CONVERSION = YES;
				CLANG_WARN_COMMA = YES;
				CLANG_WARN_CONSTANT_CONVERSION = YES;
				CLANG_WARN_DEPRECATED_OBJC_IMPLEMENTATIONS = YES;
				CLANG_WARN_DIRECT_OBJC_ISA_USAGE = YES_ERROR;
				CLANG_WARN_DOCUMENTATION_COMMENTS = YES;
				CLANG_WARN_EMPTY_BODY = YES;
				CLANG_WARN_ENUM_CONVERSION = YES;
				CLANG_WARN_INFINITE_RECURSION = YES;
				CLANG_WARN_INT_CONVERSION = YES;
				CLANG_WARN_NON_LITERAL_NULL_CONVERSION = YES;
				CLANG_WARN_OBJC_IMPLICIT_RETAIN_SELF = YES;
				CLANG_WARN_OBJC_LITERAL_CONVERSION = YES;
				CLANG_WARN_OBJC_ROOT_CLASS = YES_ERROR;
				CLANG_WARN_QUOTED_INCLUDE_IN_FRAMEWORK_HEADER = YES;
				CLANG_WARN_RANGE_LOOP_ANALYSIS = YES;
				CLANG_WARN_STRICT_PROTOTYPES = YES;
				CLANG_WARN_SUSPICIOUS_MOVE = YES;
				CLANG_WARN_UNGUARDED_AVAILABILITY = YES_AGGRESSIVE;
				CLANG_WARN_UNREACHABLE_CODE = YES;
				CLANG_WARN__DUPLICATE_METHOD_MATCH = YES;
				COPY_PHASE_STRIP = NO;
				DEBUG_INFORMATION_FORMAT = dwarf;
				ENABLE_STRICT_OBJC_MSGSEND = YES;
				ENABLE_TESTABILITY = YES;
				GCC_C_LANGUAGE_STANDARD = gnu11;
				GCC_DYNAMIC_NO_PIC = NO;
				GCC_NO_COMMON_BLOCKS = YES;
				GCC_OPTIMIZATION_LEVEL = 0;
				GCC_PREPROCESSOR_DEFINITIONS = (
					"DEBUG=1",
					"$(inherited)",
				);
				GCC_WARN_64_TO_32_BIT_CONVERSION = YES;
				GCC_WARN_ABOUT_RETURN_TYPE = YES_ERROR;
				GCC_WARN_UNDECLARED_SELECTOR = YES;
				GCC_WARN_UNINITIALIZED_AUTOS = YES_AGGRESSIVE;
				GCC_WARN_UNUSED_FUNCTION = YES;
				GCC_WARN_UNUSED_VARIABLE = YES;
				IPHONEOS_DEPLOYMENT_TARGET = 15.0;
				MTL_ENABLE_DEBUG_INFO = INCLUDE_SOURCE;
				MTL_FAST_MATH = YES;
				ONLY_ACTIVE_ARCH = YES;
				SDKROOT = iphoneos;
				SWIFT_ACTIVE_COMPILATION_CONDITIONS = DEBUG;
				SWIFT_OPTIMIZATION_LEVEL = "-Onone";
			};
			name = Debug;
		};
		ED616D102746B2460058669D /* Release */ = {
			isa = XCBuildConfiguration;
			buildSettings = {
				ALWAYS_SEARCH_USER_PATHS = NO;
				CLANG_ANALYZER_NONNULL = YES;
				CLANG_ANALYZER_NUMBER_OBJECT_CONVERSION = YES_AGGRESSIVE;
				CLANG_CXX_LANGUAGE_STANDARD = "gnu++17";
				CLANG_CXX_LIBRARY = "libc++";
				CLANG_ENABLE_MODULES = YES;
				CLANG_ENABLE_OBJC_ARC = YES;
				CLANG_ENABLE_OBJC_WEAK = YES;
				CLANG_WARN_BLOCK_CAPTURE_AUTORELEASING = YES;
				CLANG_WARN_BOOL_CONVERSION = YES;
				CLANG_WARN_COMMA = YES;
				CLANG_WARN_CONSTANT_CONVERSION = YES;
				CLANG_WARN_DEPRECATED_OBJC_IMPLEMENTATIONS = YES;
				CLANG_WARN_DIRECT_OBJC_ISA_USAGE = YES_ERROR;
				CLANG_WARN_DOCUMENTATION_COMMENTS = YES;
				CLANG_WARN_EMPTY_BODY = YES;
				CLANG_WARN_ENUM_CONVERSION = YES;
				CLANG_WARN_INFINITE_RECURSION = YES;
				CLANG_WARN_INT_CONVERSION = YES;
				CLANG_WARN_NON_LITERAL_NULL_CONVERSION = YES;
				CLANG_WARN_OBJC_IMPLICIT_RETAIN_SELF = YES;
				CLANG_WARN_OBJC_LITERAL_CONVERSION = YES;
				CLANG_WARN_OBJC_ROOT_CLASS = YES_ERROR;
				CLANG_WARN_QUOTED_INCLUDE_IN_FRAMEWORK_HEADER = YES;
				CLANG_WARN_RANGE_LOOP_ANALYSIS = YES;
				CLANG_WARN_STRICT_PROTOTYPES = YES;
				CLANG_WARN_SUSPICIOUS_MOVE = YES;
				CLANG_WARN_UNGUARDED_AVAILABILITY = YES_AGGRESSIVE;
				CLANG_WARN_UNREACHABLE_CODE = YES;
				CLANG_WARN__DUPLICATE_METHOD_MATCH = YES;
				COPY_PHASE_STRIP = NO;
				DEBUG_INFORMATION_FORMAT = "dwarf-with-dsym";
				ENABLE_NS_ASSERTIONS = NO;
				ENABLE_STRICT_OBJC_MSGSEND = YES;
				GCC_C_LANGUAGE_STANDARD = gnu11;
				GCC_NO_COMMON_BLOCKS = YES;
				GCC_WARN_64_TO_32_BIT_CONVERSION = YES;
				GCC_WARN_ABOUT_RETURN_TYPE = YES_ERROR;
				GCC_WARN_UNDECLARED_SELECTOR = YES;
				GCC_WARN_UNINITIALIZED_AUTOS = YES_AGGRESSIVE;
				GCC_WARN_UNUSED_FUNCTION = YES;
				GCC_WARN_UNUSED_VARIABLE = YES;
				IPHONEOS_DEPLOYMENT_TARGET = 15.0;
				MTL_ENABLE_DEBUG_INFO = NO;
				MTL_FAST_MATH = YES;
				SDKROOT = iphoneos;
				SWIFT_COMPILATION_MODE = wholemodule;
				SWIFT_OPTIMIZATION_LEVEL = "-O";
				VALIDATE_PRODUCT = YES;
			};
			name = Release;
		};
		ED616D122746B2460058669D /* Debug */ = {
			isa = XCBuildConfiguration;
			baseConfigurationReference = 12B21D632A80A592ECED1BA9 /* Pods-Diplom.debug.xcconfig */;
			buildSettings = {
				ASSETCATALOG_COMPILER_APPICON_NAME = AppIcon;
				ASSETCATALOG_COMPILER_GLOBAL_ACCENT_COLOR_NAME = AccentColor;
				CODE_SIGN_IDENTITY = "Apple Development";
				CODE_SIGN_STYLE = Automatic;
				CURRENT_PROJECT_VERSION = 1;
				DEVELOPMENT_TEAM = ZQ27S689GF;
				GENERATE_INFOPLIST_FILE = YES;
				INFOPLIST_FILE = Diplom/Info.plist;
				INFOPLIST_KEY_UIApplicationSupportsIndirectInputEvents = YES;
				INFOPLIST_KEY_UILaunchStoryboardName = LaunchScreen;
				INFOPLIST_KEY_UISupportedInterfaceOrientations_iPad = "UIInterfaceOrientationPortrait UIInterfaceOrientationPortraitUpsideDown UIInterfaceOrientationLandscapeLeft UIInterfaceOrientationLandscapeRight";
				INFOPLIST_KEY_UISupportedInterfaceOrientations_iPhone = "UIInterfaceOrientationPortrait UIInterfaceOrientationLandscapeLeft UIInterfaceOrientationLandscapeRight";
				LD_RUNPATH_SEARCH_PATHS = (
					"$(inherited)",
					"@executable_path/Frameworks",
				);
				MARKETING_VERSION = 1.0;
				PRODUCT_BUNDLE_IDENTIFIER = "kiraykor-project.Diplom";
				PRODUCT_NAME = "$(TARGET_NAME)";
				PROVISIONING_PROFILE_SPECIFIER = "";
				SWIFT_EMIT_LOC_STRINGS = YES;
				SWIFT_VERSION = 5.0;
				TARGETED_DEVICE_FAMILY = 1;
			};
			name = Debug;
		};
		ED616D132746B2460058669D /* Release */ = {
			isa = XCBuildConfiguration;
			baseConfigurationReference = FA50970194375666F10FF608 /* Pods-Diplom.release.xcconfig */;
			buildSettings = {
				ASSETCATALOG_COMPILER_APPICON_NAME = AppIcon;
				ASSETCATALOG_COMPILER_GLOBAL_ACCENT_COLOR_NAME = AccentColor;
				CODE_SIGN_IDENTITY = "Apple Development";
				CODE_SIGN_STYLE = Automatic;
				CURRENT_PROJECT_VERSION = 1;
				DEVELOPMENT_TEAM = ZQ27S689GF;
				GENERATE_INFOPLIST_FILE = YES;
				INFOPLIST_FILE = Diplom/Info.plist;
				INFOPLIST_KEY_UIApplicationSupportsIndirectInputEvents = YES;
				INFOPLIST_KEY_UILaunchStoryboardName = LaunchScreen;
				INFOPLIST_KEY_UISupportedInterfaceOrientations_iPad = "UIInterfaceOrientationPortrait UIInterfaceOrientationPortraitUpsideDown UIInterfaceOrientationLandscapeLeft UIInterfaceOrientationLandscapeRight";
				INFOPLIST_KEY_UISupportedInterfaceOrientations_iPhone = "UIInterfaceOrientationPortrait UIInterfaceOrientationLandscapeLeft UIInterfaceOrientationLandscapeRight";
				LD_RUNPATH_SEARCH_PATHS = (
					"$(inherited)",
					"@executable_path/Frameworks",
				);
				MARKETING_VERSION = 1.0;
				PRODUCT_BUNDLE_IDENTIFIER = "kiraykor-project.Diplom";
				PRODUCT_NAME = "$(TARGET_NAME)";
				PROVISIONING_PROFILE_SPECIFIER = "";
				SWIFT_EMIT_LOC_STRINGS = YES;
				SWIFT_VERSION = 5.0;
				TARGETED_DEVICE_FAMILY = 1;
			};
			name = Release;
		};
/* End XCBuildConfiguration section */

/* Begin XCConfigurationList section */
		ED616CF82746B2420058669D /* Build configuration list for PBXProject "Diplom" */ = {
			isa = XCConfigurationList;
			buildConfigurations = (
				ED616D0F2746B2460058669D /* Debug */,
				ED616D102746B2460058669D /* Release */,
			);
			defaultConfigurationIsVisible = 0;
			defaultConfigurationName = Release;
		};
		ED616D112746B2460058669D /* Build configuration list for PBXNativeTarget "Diplom" */ = {
			isa = XCConfigurationList;
			buildConfigurations = (
				ED616D122746B2460058669D /* Debug */,
				ED616D132746B2460058669D /* Release */,
			);
			defaultConfigurationIsVisible = 0;
			defaultConfigurationName = Release;
		};
/* End XCConfigurationList section */
	};
	rootObject = ED616CF52746B2420058669D /* Project object */;
}
